
Microsoft Visual Studio Solution File, Format Version 12.00
# Visual Studio Version 17
VisualStudioVersion = 17.0.31919.166
MinimumVisualStudioVersion = 10.0.40219.1
Project("{F184B08F-C81C-45F6-A57F-5ABD9991F28F}") = "europaadventure", "europaadventure.vbproj", "{66A880A7-71F2-4B77-B1D9-2BAB6344C512}"
EndProject
Global
	GlobalSection(SolutionConfigurationPlatforms) = preSolution
		Debug|Any CPU = Debug|Any CPU
		Release|Any CPU = Release|Any CPU
	EndGlobalSection
	GlobalSection(ProjectConfigurationPlatforms) = postSolution
		{66A880A7-71F2-4B77-B1D9-2BAB6344C512}.Debug|Any CPU.ActiveCfg = Debug|Any CPU
		{66A880A7-71F2-4B77-B1D9-2BAB6344C512}.Debug|Any CPU.Build.0 = Debug|Any CPU
		{66A880A7-71F2-4B77-B1D9-2BAB6344C512}.Release|Any CPU.ActiveCfg = Release|Any CPU
		{66A880A7-71F2-4B77-B1D9-2BAB6344C512}.Release|Any CPU.Build.0 = Release|Any CPU
	EndGlobalSection
	GlobalSection(SolutionProperties) = preSolution
		HideSolutionNode = FALSE
	EndGlobalSection
	GlobalSection(ExtensibilityGlobals) = postSolution
		SolutionGuid = {3F2D3F1A-AF80-48BF-B1D4-1899FDFACE5B}
	EndGlobalSection
EndGlobal
